// !$*UTF8*$!
{
	archiveVersion = 1;
	classes = {
	};
	objectVersion = 50;
	objects = {

/* Begin PBXBuildFile section */
		F1FEDAB421AE0468001B635A /* AppDelegate.swift in Sources */ = {isa = PBXBuildFile; fileRef = F1FEDAB321AE0468001B635A /* AppDelegate.swift */; };
		F1FEDAB621AE0468001B635A /* ViewController.swift in Sources */ = {isa = PBXBuildFile; fileRef = F1FEDAB521AE0468001B635A /* ViewController.swift */; };
		F1FEDAB921AE0468001B635A /* Main.storyboard in Resources */ = {isa = PBXBuildFile; fileRef = F1FEDAB721AE0468001B635A /* Main.storyboard */; };
		F1FEDABB21AE0469001B635A /* Assets.xcassets in Resources */ = {isa = PBXBuildFile; fileRef = F1FEDABA21AE0469001B635A /* Assets.xcassets */; };
		F1FEDABE21AE0469001B635A /* LaunchScreen.storyboard in Resources */ = {isa = PBXBuildFile; fileRef = F1FEDABC21AE0469001B635A /* LaunchScreen.storyboard */; };
		F1FEDAC921AE046A001B635A /* ToDoListTests.swift in Sources */ = {isa = PBXBuildFile; fileRef = F1FEDAC821AE046A001B635A /* ToDoListTests.swift */; };
		F1FEDAD421AE046A001B635A /* ToDoListUITests.swift in Sources */ = {isa = PBXBuildFile; fileRef = F1FEDAD321AE046A001B635A /* ToDoListUITests.swift */; };
/* End PBXBuildFile section */

/* Begin PBXContainerItemProxy section */
		F1FEDAC521AE046A001B635A /* PBXContainerItemProxy */ = {
			isa = PBXContainerItemProxy;
			containerPortal = F1FEDAA821AE0468001B635A /* Project object */;
			proxyType = 1;
			remoteGlobalIDString = F1FEDAAF21AE0468001B635A;
			remoteInfo = ToDoList;
		};
		F1FEDAD021AE046A001B635A /* PBXContainerItemProxy */ = {
			isa = PBXContainerItemProxy;
			containerPortal = F1FEDAA821AE0468001B635A /* Project object */;
			proxyType = 1;
			remoteGlobalIDString = F1FEDAAF21AE0468001B635A;
			remoteInfo = ToDoList;
		};
/* End PBXContainerItemProxy section */

/* Begin PBXFileReference section */
		F1FEDAB021AE0468001B635A /* ToDoList.app */ = {isa = PBXFileReference; explicitFileType = wrapper.application; includeInIndex = 0; path = ToDoList.app; sourceTree = BUILT_PRODUCTS_DIR; };
		F1FEDAB321AE0468001B635A /* AppDelegate.swift */ = {isa = PBXFileReference; lastKnownFileType = sourcecode.swift; path = AppDelegate.swift; sourceTree = "<group>"; };
		F1FEDAB521AE0468001B635A /* ViewController.swift */ = {isa = PBXFileReference; lastKnownFileType = sourcecode.swift; path = ViewController.swift; sourceTree = "<group>"; };
		F1FEDAB821AE0468001B635A /* Base */ = {isa = PBXFileReference; lastKnownFileType = file.storyboard; name = Base; path = Base.lproj/Main.storyboard; sourceTree = "<group>"; };
		F1FEDABA21AE0469001B635A /* Assets.xcassets */ = {isa = PBXFileReference; lastKnownFileType = folder.assetcatalog; path = Assets.xcassets; sourceTree = "<group>"; };
		F1FEDABD21AE0469001B635A /* Base */ = {isa = PBXFileReference; lastKnownFileType = file.storyboard; name = Base; path = Base.lproj/LaunchScreen.storyboard; sourceTree = "<group>"; };
		F1FEDABF21AE0469001B635A /* Info.plist */ = {isa = PBXFileReference; lastKnownFileType = text.plist.xml; path = Info.plist; sourceTree = "<group>"; };
		F1FEDAC421AE046A001B635A /* ToDoListTests.xctest */ = {isa = PBXFileReference; explicitFileType = wrapper.cfbundle; includeInIndex = 0; path = ToDoListTests.xctest; sourceTree = BUILT_PRODUCTS_DIR; };
		F1FEDAC821AE046A001B635A /* ToDoListTests.swift */ = {isa = PBXFileReference; lastKnownFileType = sourcecode.swift; path = ToDoListTests.swift; sourceTree = "<group>"; };
		F1FEDACA21AE046A001B635A /* Info.plist */ = {isa = PBXFileReference; lastKnownFileType = text.plist.xml; path = Info.plist; sourceTree = "<group>"; };
		F1FEDACF21AE046A001B635A /* ToDoListUITests.xctest */ = {isa = PBXFileReference; explicitFileType = wrapper.cfbundle; includeInIndex = 0; path = ToDoListUITests.xctest; sourceTree = BUILT_PRODUCTS_DIR; };
		F1FEDAD321AE046A001B635A /* ToDoListUITests.swift */ = {isa = PBXFileReference; lastKnownFileType = sourcecode.swift; path = ToDoListUITests.swift; sourceTree = "<group>"; };
		F1FEDAD521AE046A001B635A /* Info.plist */ = {isa = PBXFileReference; lastKnownFileType = text.plist.xml; path = Info.plist; sourceTree = "<group>"; };
/* End PBXFileReference section */

/* Begin PBXFrameworksBuildPhase section */
		F1FEDAAD21AE0468001B635A /* Frameworks */ = {
			isa = PBXFrameworksBuildPhase;
			buildActionMask = 2147483647;
			files = (
			);
			runOnlyForDeploymentPostprocessing = 0;
		};
		F1FEDAC121AE046A001B635A /* Frameworks */ = {
			isa = PBXFrameworksBuildPhase;
			buildActionMask = 2147483647;
			files = (
			);
			runOnlyForDeploymentPostprocessing = 0;
		};
		F1FEDACC21AE046A001B635A /* Frameworks */ = {
			isa = PBXFrameworksBuildPhase;
			buildActionMask = 2147483647;
			files = (
			);
			runOnlyForDeploymentPostprocessing = 0;
		};
/* End PBXFrameworksBuildPhase section */

/* Begin PBXGroup section */
		F1FEDAA721AE0468001B635A = {
			isa = PBXGroup;
			children = (
				F1FEDAB221AE0468001B635A /* ToDoList */,
				F1FEDAC721AE046A001B635A /* ToDoListTests */,
				F1FEDAD221AE046A001B635A /* ToDoListUITests */,
				F1FEDAB121AE0468001B635A /* Products */,
			);
			sourceTree = "<group>";
		};
		F1FEDAB121AE0468001B635A /* Products */ = {
			isa = PBXGroup;
			children = (
				F1FEDAB021AE0468001B635A /* ToDoList.app */,
				F1FEDAC421AE046A001B635A /* ToDoListTests.xctest */,
				F1FEDACF21AE046A001B635A /* ToDoListUITests.xctest */,
			);
			name = Products;
			sourceTree = "<group>";
		};
		F1FEDAB221AE0468001B635A /* ToDoList */ = {
			isa = PBXGroup;
			children = (
				F1FEDAB321AE0468001B635A /* AppDelegate.swift */,
				F1FEDAB521AE0468001B635A /* ViewController.swift */,
				F1FEDAB721AE0468001B635A /* Main.storyboard */,
				F1FEDABA21AE0469001B635A /* Assets.xcassets */,
				F1FEDABC21AE0469001B635A /* LaunchScreen.storyboard */,
				F1FEDABF21AE0469001B635A /* Info.plist */,
			);
			path = ToDoList;
			sourceTree = "<group>";
		};
		F1FEDAC721AE046A001B635A /* ToDoListTests */ = {
			isa = PBXGroup;
			children = (
				F1FEDAC821AE046A001B635A /* ToDoListTests.swift */,
				F1FEDACA21AE046A001B635A /* Info.plist */,
			);
			path = ToDoListTests;
			sourceTree = "<group>";
		};
		F1FEDAD221AE046A001B635A /* ToDoListUITests */ = {
			isa = PBXGroup;
			children = (
				F1FEDAD321AE046A001B635A /* ToDoListUITests.swift */,
				F1FEDAD521AE046A001B635A /* Info.plist */,
			);
			path = ToDoListUITests;
			sourceTree = "<group>";
		};
/* End PBXGroup section */

/* Begin PBXNativeTarget section */
		F1FEDAAF21AE0468001B635A /* ToDoList */ = {
			isa = PBXNativeTarget;
			buildConfigurationList = F1FEDAD821AE046A001B635A /* Build configuration list for PBXNativeTarget "ToDoList" */;
			buildPhases = (
				F1FEDAAC21AE0468001B635A /* Sources */,
				F1FEDAAD21AE0468001B635A /* Frameworks */,
				F1FEDAAE21AE0468001B635A /* Resources */,
			);
			buildRules = (
			);
			dependencies = (
			);
			name = ToDoList;
			productName = ToDoList;
			productReference = F1FEDAB021AE0468001B635A /* ToDoList.app */;
			productType = "com.apple.product-type.application";
		};
		F1FEDAC321AE046A001B635A /* ToDoListTests */ = {
			isa = PBXNativeTarget;
			buildConfigurationList = F1FEDADB21AE046A001B635A /* Build configuration list for PBXNativeTarget "ToDoListTests" */;
			buildPhases = (
				F1FEDAC021AE046A001B635A /* Sources */,
				F1FEDAC121AE046A001B635A /* Frameworks */,
				F1FEDAC221AE046A001B635A /* Resources */,
			);
			buildRules = (
			);
			dependencies = (
				F1FEDAC621AE046A001B635A /* PBXTargetDependency */,
			);
			name = ToDoListTests;
			productName = ToDoListTests;
			productReference = F1FEDAC421AE046A001B635A /* ToDoListTests.xctest */;
			productType = "com.apple.product-type.bundle.unit-test";
		};
		F1FEDACE21AE046A001B635A /* ToDoListUITests */ = {
			isa = PBXNativeTarget;
			buildConfigurationList = F1FEDADE21AE046A001B635A /* Build configuration list for PBXNativeTarget "ToDoListUITests" */;
			buildPhases = (
				F1FEDACB21AE046A001B635A /* Sources */,
				F1FEDACC21AE046A001B635A /* Frameworks */,
				F1FEDACD21AE046A001B635A /* Resources */,
			);
			buildRules = (
			);
			dependencies = (
				F1FEDAD121AE046A001B635A /* PBXTargetDependency */,
			);
			name = ToDoListUITests;
			productName = ToDoListUITests;
			productReference = F1FEDACF21AE046A001B635A /* ToDoListUITests.xctest */;
			productType = "com.apple.product-type.bundle.ui-testing";
		};
/* End PBXNativeTarget section */

/* Begin PBXProject section */
		F1FEDAA821AE0468001B635A /* Project object */ = {
			isa = PBXProject;
			attributes = {
				LastSwiftUpdateCheck = 1010;
				LastUpgradeCheck = 1010;
				ORGANIZATIONNAME = "Sterre Smit";
				TargetAttributes = {
					F1FEDAAF21AE0468001B635A = {
						CreatedOnToolsVersion = 10.1;
					};
					F1FEDAC321AE046A001B635A = {
						CreatedOnToolsVersion = 10.1;
						TestTargetID = F1FEDAAF21AE0468001B635A;
					};
					F1FEDACE21AE046A001B635A = {
						CreatedOnToolsVersion = 10.1;
						TestTargetID = F1FEDAAF21AE0468001B635A;
					};
				};
			};
			buildConfigurationList = F1FEDAAB21AE0468001B635A /* Build configuration list for PBXProject "ToDoList" */;
			compatibilityVersion = "Xcode 9.3";
			developmentRegion = en;
			hasScannedForEncodings = 0;
			knownRegions = (
				en,
				Base,
			);
			mainGroup = F1FEDAA721AE0468001B635A;
			productRefGroup = F1FEDAB121AE0468001B635A /* Products */;
			projectDirPath = "";
			projectRoot = "";
			targets = (
				F1FEDAAF21AE0468001B635A /* ToDoList */,
				F1FEDAC321AE046A001B635A /* ToDoListTests */,
				F1FEDACE21AE046A001B635A /* ToDoListUITests */,
			);
		};
/* End PBXProject section */

/* Begin PBXResourcesBuildPhase section */
		F1FEDAAE21AE0468001B635A /* Resources */ = {
			isa = PBXResourcesBuildPhase;
			buildActionMask = 2147483647;
			files = (
				F1FEDABE21AE0469001B635A /* LaunchScreen.storyboard in Resources */,
				F1FEDABB21AE0469001B635A /* Assets.xcassets in Resources */,
				F1FEDAB921AE0468001B635A /* Main.storyboard in Resources */,
			);
			runOnlyForDeploymentPostprocessing = 0;
		};
		F1FEDAC221AE046A001B635A /* Resources */ = {
			isa = PBXResourcesBuildPhase;
			buildActionMask = 2147483647;
			files = (
			);
			runOnlyForDeploymentPostprocessing = 0;
		};
		F1FEDACD21AE046A001B635A /* Resources */ = {
			isa = PBXResourcesBuildPhase;
			buildActionMask = 2147483647;
			files = (
			);
			runOnlyForDeploymentPostprocessing = 0;
		};
/* End PBXResourcesBuildPhase section */

/* Begin PBXSourcesBuildPhase section */
		F1FEDAAC21AE0468001B635A /* Sources */ = {
			isa = PBXSourcesBuildPhase;
			buildActionMask = 2147483647;
			files = (
				F1FEDAB621AE0468001B635A /* ViewController.swift in Sources */,
				F1FEDAB421AE0468001B635A /* AppDelegate.swift in Sources */,
			);
			runOnlyForDeploymentPostprocessing = 0;
		};
		F1FEDAC021AE046A001B635A /* Sources */ = {
			isa = PBXSourcesBuildPhase;
			buildActionMask = 2147483647;
			files = (
				F1FEDAC921AE046A001B635A /* ToDoListTests.swift in Sources */,
			);
			runOnlyForDeploymentPostprocessing = 0;
		};
		F1FEDACB21AE046A001B635A /* Sources */ = {
			isa = PBXSourcesBuildPhase;
			buildActionMask = 2147483647;
			files = (
				F1FEDAD421AE046A001B635A /* ToDoListUITests.swift in Sources */,
			);
			runOnlyForDeploymentPostprocessing = 0;
		};
/* End PBXSourcesBuildPhase section */

/* Begin PBXTargetDependency section */
		F1FEDAC621AE046A001B635A /* PBXTargetDependency */ = {
			isa = PBXTargetDependency;
			target = F1FEDAAF21AE0468001B635A /* ToDoList */;
			targetProxy = F1FEDAC521AE046A001B635A /* PBXContainerItemProxy */;
		};
		F1FEDAD121AE046A001B635A /* PBXTargetDependency */ = {
			isa = PBXTargetDependency;
			target = F1FEDAAF21AE0468001B635A /* ToDoList */;
			targetProxy = F1FEDAD021AE046A001B635A /* PBXContainerItemProxy */;
		};
/* End PBXTargetDependency section */

/* Begin PBXVariantGroup section */
		F1FEDAB721AE0468001B635A /* Main.storyboard */ = {
			isa = PBXVariantGroup;
			children = (
				F1FEDAB821AE0468001B635A /* Base */,
			);
			name = Main.storyboard;
			sourceTree = "<group>";
		};
		F1FEDABC21AE0469001B635A /* LaunchScreen.storyboard */ = {
			isa = PBXVariantGroup;
			children = (
				F1FEDABD21AE0469001B635A /* Base */,
			);
			name = LaunchScreen.storyboard;
			sourceTree = "<group>";
		};
/* End PBXVariantGroup section */

/* Begin XCBuildConfiguration section */
		F1FEDAD621AE046A001B635A /* Debug */ = {
			isa = XCBuildConfiguration;
			buildSettings = {
				ALWAYS_SEARCH_USER_PATHS = NO;
				CLANG_ANALYZER_NONNULL = YES;
				CLANG_ANALYZER_NUMBER_OBJECT_CONVERSION = YES_AGGRESSIVE;
				CLANG_CXX_LANGUAGE_STANDARD = "gnu++14";
				CLANG_CXX_LIBRARY = "libc++";
				CLANG_ENABLE_MODULES = YES;
				CLANG_ENABLE_OBJC_ARC = YES;
				CLANG_ENABLE_OBJC_WEAK = YES;
				CLANG_WARN_BLOCK_CAPTURE_AUTORELEASING = YES;
				CLANG_WARN_BOOL_CONVERSION = YES;
				CLANG_WARN_COMMA = YES;
				CLANG_WARN_CONSTANT_CONVERSION = YES;
				CLANG_WARN_DEPRECATED_OBJC_IMPLEMENTATIONS = YES;
				CLANG_WARN_DIRECT_OBJC_ISA_USAGE = YES_ERROR;
				CLANG_WARN_DOCUMENTATION_COMMENTS = YES;
				CLANG_WARN_EMPTY_BODY = YES;
				CLANG_WARN_ENUM_CONVERSION = YES;
				CLANG_WARN_INFINITE_RECURSION = YES;
				CLANG_WARN_INT_CONVERSION = YES;
				CLANG_WARN_NON_LITERAL_NULL_CONVERSION = YES;
				CLANG_WARN_OBJC_IMPLICIT_RETAIN_SELF = YES;
				CLANG_WARN_OBJC_LITERAL_CONVERSION = YES;
				CLANG_WARN_OBJC_ROOT_CLASS = YES_ERROR;
				CLANG_WARN_RANGE_LOOP_ANALYSIS = YES;
				CLANG_WARN_STRICT_PROTOTYPES = YES;
				CLANG_WARN_SUSPICIOUS_MOVE = YES;
				CLANG_WARN_UNGUARDED_AVAILABILITY = YES_AGGRESSIVE;
				CLANG_WARN_UNREACHABLE_CODE = YES;
				CLANG_WARN__DUPLICATE_METHOD_MATCH = YES;
				CODE_SIGN_IDENTITY = "iPhone Developer";
				COPY_PHASE_STRIP = NO;
				DEBUG_INFORMATION_FORMAT = dwarf;
				ENABLE_STRICT_OBJC_MSGSEND = YES;
				ENABLE_TESTABILITY = YES;
				GCC_C_LANGUAGE_STANDARD = gnu11;
				GCC_DYNAMIC_NO_PIC = NO;
				GCC_NO_COMMON_BLOCKS = YES;
				GCC_OPTIMIZATION_LEVEL = 0;
				GCC_PREPROCESSOR_DEFINITIONS = (
					"DEBUG=1",
					"$(inherited)",
				);
				GCC_WARN_64_TO_32_BIT_CONVERSION = YES;
				GCC_WARN_ABOUT_RETURN_TYPE = YES_ERROR;
				GCC_WARN_UNDECLARED_SELECTOR = YES;
				GCC_WARN_UNINITIALIZED_AUTOS = YES_AGGRESSIVE;
				GCC_WARN_UNUSED_FUNCTION = YES;
				GCC_WARN_UNUSED_VARIABLE = YES;
				IPHONEOS_DEPLOYMENT_TARGET = 12.1;
				MTL_ENABLE_DEBUG_INFO = INCLUDE_SOURCE;
				MTL_FAST_MATH = YES;
				ONLY_ACTIVE_ARCH = YES;
				SDKROOT = iphoneos;
				SWIFT_ACTIVE_COMPILATION_CONDITIONS = DEBUG;
				SWIFT_OPTIMIZATION_LEVEL = "-Onone";
			};
			name = Debug;
		};
		F1FEDAD721AE046A001B635A /* Release */ = {
			isa = XCBuildConfiguration;
			buildSettings = {
				ALWAYS_SEARCH_USER_PATHS = NO;
				CLANG_ANALYZER_NONNULL = YES;
				CLANG_ANALYZER_NUMBER_OBJECT_CONVERSION = YES_AGGRESSIVE;
				CLANG_CXX_LANGUAGE_STANDARD = "gnu++14";
				CLANG_CXX_LIBRARY = "libc++";
				CLANG_ENABLE_MODULES = YES;
				CLANG_ENABLE_OBJC_ARC = YES;
				CLANG_ENABLE_OBJC_WEAK = YES;
				CLANG_WARN_BLOCK_CAPTURE_AUTORELEASING = YES;
				CLANG_WARN_BOOL_CONVERSION = YES;
				CLANG_WARN_COMMA = YES;
				CLANG_WARN_CONSTANT_CONVERSION = YES;
				CLANG_WARN_DEPRECATED_OBJC_IMPLEMENTATIONS = YES;
				CLANG_WARN_DIRECT_OBJC_ISA_USAGE = YES_ERROR;
				CLANG_WARN_DOCUMENTATION_COMMENTS = YES;
				CLANG_WARN_EMPTY_BODY = YES;
				CLANG_WARN_ENUM_CONVERSION = YES;
				CLANG_WARN_INFINITE_RECURSION = YES;
				CLANG_WARN_INT_CONVERSION = YES;
				CLANG_WARN_NON_LITERAL_NULL_CONVERSION = YES;
				CLANG_WARN_OBJC_IMPLICIT_RETAIN_SELF = YES;
				CLANG_WARN_OBJC_LITERAL_CONVERSION = YES;
				CLANG_WARN_OBJC_ROOT_CLASS = YES_ERROR;
				CLANG_WARN_RANGE_LOOP_ANALYSIS = YES;
				CLANG_WARN_STRICT_PROTOTYPES = YES;
				CLANG_WARN_SUSPICIOUS_MOVE = YES;
				CLANG_WARN_UNGUARDED_AVAILABILITY = YES_AGGRESSIVE;
				CLANG_WARN_UNREACHABLE_CODE = YES;
				CLANG_WARN__DUPLICATE_METHOD_MATCH = YES;
				CODE_SIGN_IDENTITY = "iPhone Developer";
				COPY_PHASE_STRIP = NO;
				DEBUG_INFORMATION_FORMAT = "dwarf-with-dsym";
				ENABLE_NS_ASSERTIONS = NO;
				ENABLE_STRICT_OBJC_MSGSEND = YES;
				GCC_C_LANGUAGE_STANDARD = gnu11;
				GCC_NO_COMMON_BLOCKS = YES;
				GCC_WARN_64_TO_32_BIT_CONVERSION = YES;
				GCC_WARN_ABOUT_RETURN_TYPE = YES_ERROR;
				GCC_WARN_UNDECLARED_SELECTOR = YES;
				GCC_WARN_UNINITIALIZED_AUTOS = YES_AGGRESSIVE;
				GCC_WARN_UNUSED_FUNCTION = YES;
				GCC_WARN_UNUSED_VARIABLE = YES;
				IPHONEOS_DEPLOYMENT_TARGET = 12.1;
				MTL_ENABLE_DEBUG_INFO = NO;
				MTL_FAST_MATH = YES;
				SDKROOT = iphoneos;
				SWIFT_COMPILATION_MODE = wholemodule;
				SWIFT_OPTIMIZATION_LEVEL = "-O";
				VALIDATE_PRODUCT = YES;
			};
			name = Release;
		};
		F1FEDAD921AE046A001B635A /* Debug */ = {
			isa = XCBuildConfiguration;
			buildSettings = {
				ASSETCATALOG_COMPILER_APPICON_NAME = AppIcon;
				CODE_SIGN_STYLE = Automatic;
				DEVELOPMENT_TEAM = JBAW2556FG;
				INFOPLIST_FILE = ToDoList/Info.plist;
				LD_RUNPATH_SEARCH_PATHS = (
					"$(inherited)",
					"@executable_path/Frameworks",
				);
				PRODUCT_BUNDLE_IDENTIFIER = nl.mprog.ToDoList;
				PRODUCT_NAME = "$(TARGET_NAME)";
				SWIFT_VERSION = 4.2;
				TARGETED_DEVICE_FAMILY = "1,2";
			};
			name = Debug;
		};
		F1FEDADA21AE046A001B635A /* Release */ = {
			isa = XCBuildConfiguration;
			buildSettings = {
				ASSETCATALOG_COMPILER_APPICON_NAME = AppIcon;
				CODE_SIGN_STYLE = Automatic;
				DEVELOPMENT_TEAM = JBAW2556FG;
				INFOPLIST_FILE = ToDoList/Info.plist;
				LD_RUNPATH_SEARCH_PATHS = (
					"$(inherited)",
					"@executable_path/Frameworks",
				);
				PRODUCT_BUNDLE_IDENTIFIER = nl.mprog.ToDoList;
				PRODUCT_NAME = "$(TARGET_NAME)";
				SWIFT_VERSION = 4.2;
				TARGETED_DEVICE_FAMILY = "1,2";
			};
			name = Release;
		};
		F1FEDADC21AE046A001B635A /* Debug */ = {
			isa = XCBuildConfiguration;
			buildSettings = {
				ALWAYS_EMBED_SWIFT_STANDARD_LIBRARIES = YES;
				BUNDLE_LOADER = "$(TEST_HOST)";
				CODE_SIGN_STYLE = Automatic;
				DEVELOPMENT_TEAM = JBAW2556FG;
				INFOPLIST_FILE = ToDoListTests/Info.plist;
				LD_RUNPATH_SEARCH_PATHS = (
					"$(inherited)",
					"@executable_path/Frameworks",
					"@loader_path/Frameworks",
				);
				PRODUCT_BUNDLE_IDENTIFIER = nl.mprog.ToDoListTests;
				PRODUCT_NAME = "$(TARGET_NAME)";
				SWIFT_VERSION = 4.2;
				TARGETED_DEVICE_FAMILY = "1,2";
				TEST_HOST = "$(BUILT_PRODUCTS_DIR)/ToDoList.app/ToDoList";
			};
			name = Debug;
		};
		F1FEDADD21AE046A001B635A /* Release */ = {
			isa = XCBuildConfiguration;
			buildSettings = {
				ALWAYS_EMBED_SWIFT_STANDARD_LIBRARIES = YES;
				BUNDLE_LOADER = "$(TEST_HOST)";
				CODE_SIGN_STYLE = Automatic;
				DEVELOPMENT_TEAM = JBAW2556FG;
				INFOPLIST_FILE = ToDoListTests/Info.plist;
				LD_RUNPATH_SEARCH_PATHS = (
					"$(inherited)",
					"@executable_path/Frameworks",
					"@loader_path/Frameworks",
				);
				PRODUCT_BUNDLE_IDENTIFIER = nl.mprog.ToDoListTests;
				PRODUCT_NAME = "$(TARGET_NAME)";
				SWIFT_VERSION = 4.2;
				TARGETED_DEVICE_FAMILY = "1,2";
				TEST_HOST = "$(BUILT_PRODUCTS_DIR)/ToDoList.app/ToDoList";
			};
			name = Release;
		};
		F1FEDADF21AE046A001B635A /* Debug */ = {
			isa = XCBuildConfiguration;
			buildSettings = {
				ALWAYS_EMBED_SWIFT_STANDARD_LIBRARIES = YES;
				CODE_SIGN_STYLE = Automatic;
				DEVELOPMENT_TEAM = JBAW2556FG;
				INFOPLIST_FILE = ToDoListUITests/Info.plist;
				LD_RUNPATH_SEARCH_PATHS = (
					"$(inherited)",
					"@executable_path/Frameworks",
					"@loader_path/Frameworks",
				);
				PRODUCT_BUNDLE_IDENTIFIER = nl.mprog.ToDoListUITests;
				PRODUCT_NAME = "$(TARGET_NAME)";
				SWIFT_VERSION = 4.2;
				TARGETED_DEVICE_FAMILY = "1,2";
				TEST_TARGET_NAME = ToDoList;
			};
			name = Debug;
		};
		F1FEDAE021AE046A001B635A /* Release */ = {
			isa = XCBuildConfiguration;
			buildSettings = {
				ALWAYS_EMBED_SWIFT_STANDARD_LIBRARIES = YES;
				CODE_SIGN_STYLE = Automatic;
				DEVELOPMENT_TEAM = JBAW2556FG;
				INFOPLIST_FILE = ToDoListUITests/Info.plist;
				LD_RUNPATH_SEARCH_PATHS = (
					"$(inherited)",
					"@executable_path/Frameworks",
					"@loader_path/Frameworks",
				);
				PRODUCT_BUNDLE_IDENTIFIER = nl.mprog.ToDoListUITests;
				PRODUCT_NAME = "$(TARGET_NAME)";
				SWIFT_VERSION = 4.2;
				TARGETED_DEVICE_FAMILY = "1,2";
				TEST_TARGET_NAME = ToDoList;
			};
			name = Release;
		};
/* End XCBuildConfiguration section */

/* Begin XCConfigurationList section */
		F1FEDAAB21AE0468001B635A /* Build configuration list for PBXProject "ToDoList" */ = {
			isa = XCConfigurationList;
			buildConfigurations = (
				F1FEDAD621AE046A001B635A /* Debug */,
				F1FEDAD721AE046A001B635A /* Release */,
			);
			defaultConfigurationIsVisible = 0;
			defaultConfigurationName = Release;
		};
		F1FEDAD821AE046A001B635A /* Build configuration list for PBXNativeTarget "ToDoList" */ = {
			isa = XCConfigurationList;
			buildConfigurations = (
				F1FEDAD921AE046A001B635A /* Debug */,
				F1FEDADA21AE046A001B635A /* Release */,
			);
			defaultConfigurationIsVisible = 0;
			defaultConfigurationName = Release;
		};
		F1FEDADB21AE046A001B635A /* Build configuration list for PBXNativeTarget "ToDoListTests" */ = {
			isa = XCConfigurationList;
			buildConfigurations = (
				F1FEDADC21AE046A001B635A /* Debug */,
				F1FEDADD21AE046A001B635A /* Release */,
			);
			defaultConfigurationIsVisible = 0;
			defaultConfigurationName = Release;
		};
		F1FEDADE21AE046A001B635A /* Build configuration list for PBXNativeTarget "ToDoListUITests" */ = {
			isa = XCConfigurationList;
			buildConfigurations = (
				F1FEDADF21AE046A001B635A /* Debug */,
				F1FEDAE021AE046A001B635A /* Release */,
			);
			defaultConfigurationIsVisible = 0;
			defaultConfigurationName = Release;
		};
/* End XCConfigurationList section */
	};
	rootObject = F1FEDAA821AE0468001B635A /* Project object */;
}
